
Microsoft Visual Studio Solution File, Format Version 12.00
# Visual Studio 2012
Project("{FAE04EC0-301F-11D3-BF4B-00C04F79EFBC}") = "VsWebServiceTestClient", "VsWebServiceTestClient\VsWebServiceTestClient.csproj", "{38D6CE5B-1CB2-48ED-83CB-81C6F13DCED3}"
EndProject
Global
	GlobalSection(SolutionConfigurationPlatforms) = preSolution
		Debug|Any CPU = Debug|Any CPU
		Release|Any CPU = Release|Any CPU
	EndGlobalSection
	GlobalSection(ProjectConfigurationPlatforms) = postSolution
		{38D6CE5B-1CB2-48ED-83CB-81C6F13DCED3}.Debug|Any CPU.ActiveCfg = Debug|Any CPU
		{38D6CE5B-1CB2-48ED-83CB-81C6F13DCED3}.Debug|Any CPU.Build.0 = Debug|Any CPU
		{38D6CE5B-1CB2-48ED-83CB-81C6F13DCED3}.Release|Any CPU.ActiveCfg = Release|Any CPU
		{38D6CE5B-1CB2-48ED-83CB-81C6F13DCED3}.Release|Any CPU.Build.0 = Release|Any CPU
	EndGlobalSection
	GlobalSection(SolutionProperties) = preSolution
		HideSolutionNode = FALSE
	EndGlobalSection
EndGlobal
